
Microsoft Visual Studio Solution File, Format Version 12.00
# Visual Studio Version 16
VisualStudioVersion = 16.0.31129.286
MinimumVisualStudioVersion = 10.0.40219.1
Project("{9A19103F-16F7-4668-BE54-9A1E7A4F7556}") = "Product.API", "Product.API\Product.API.csproj", "{15FF0DBA-FB49-4B30-B76D-FFC9D576444E}"
EndProject
Project("{9A19103F-16F7-4668-BE54-9A1E7A4F7556}") = "Inventory.API", "Inventory.API\Inventory.API.csproj", "{A68930F8-CAD6-4077-8A90-648E6A32848C}"
EndProject
Project("{9A19103F-16F7-4668-BE54-9A1E7A4F7556}") = "Order.API", "Order.API\Order.API.csproj", "{BBF7CA30-9841-4DD5-A341-99D98B85E315}"
EndProject
Project("{9A19103F-16F7-4668-BE54-9A1E7A4F7556}") = "Gateway", "Gateway\Gateway.csproj", "{54C89DE2-91D4-4394-BC43-E1A14A2F71E6}"
EndProject
Project("{FAE04EC0-301F-11D3-BF4B-00C04F79EFBC}") = "Common", "Common\Common.csproj", "{8E503B46-9CAC-41C7-AB55-C8EC12E4A3B7}"
EndProject
Global
	GlobalSection(SolutionConfigurationPlatforms) = preSolution
		Debug|Any CPU = Debug|Any CPU
		Release|Any CPU = Release|Any CPU
	EndGlobalSection
	GlobalSection(ProjectConfigurationPlatforms) = postSolution
		{15FF0DBA-FB49-4B30-B76D-FFC9D576444E}.Debug|Any CPU.ActiveCfg = Debug|Any CPU
		{15FF0DBA-FB49-4B30-B76D-FFC9D576444E}.Debug|Any CPU.Build.0 = Debug|Any CPU
		{15FF0DBA-FB49-4B30-B76D-FFC9D576444E}.Release|Any CPU.ActiveCfg = Release|Any CPU
		{15FF0DBA-FB49-4B30-B76D-FFC9D576444E}.Release|Any CPU.Build.0 = Release|Any CPU
		{A68930F8-CAD6-4077-8A90-648E6A32848C}.Debug|Any CPU.ActiveCfg = Debug|Any CPU
		{A68930F8-CAD6-4077-8A90-648E6A32848C}.Debug|Any CPU.Build.0 = Debug|Any CPU
		{A68930F8-CAD6-4077-8A90-648E6A32848C}.Release|Any CPU.ActiveCfg = Release|Any CPU
		{A68930F8-CAD6-4077-8A90-648E6A32848C}.Release|Any CPU.Build.0 = Release|Any CPU
		{BBF7CA30-9841-4DD5-A341-99D98B85E315}.Debug|Any CPU.ActiveCfg = Debug|Any CPU
		{BBF7CA30-9841-4DD5-A341-99D98B85E315}.Debug|Any CPU.Build.0 = Debug|Any CPU
		{BBF7CA30-9841-4DD5-A341-99D98B85E315}.Release|Any CPU.ActiveCfg = Release|Any CPU
		{BBF7CA30-9841-4DD5-A341-99D98B85E315}.Release|Any CPU.Build.0 = Release|Any CPU
		{54C89DE2-91D4-4394-BC43-E1A14A2F71E6}.Debug|Any CPU.ActiveCfg = Debug|Any CPU
		{54C89DE2-91D4-4394-BC43-E1A14A2F71E6}.Debug|Any CPU.Build.0 = Debug|Any CPU
		{54C89DE2-91D4-4394-BC43-E1A14A2F71E6}.Release|Any CPU.ActiveCfg = Release|Any CPU
		{54C89DE2-91D4-4394-BC43-E1A14A2F71E6}.Release|Any CPU.Build.0 = Release|Any CPU
		{8E503B46-9CAC-41C7-AB55-C8EC12E4A3B7}.Debug|Any CPU.ActiveCfg = Debug|Any CPU
		{8E503B46-9CAC-41C7-AB55-C8EC12E4A3B7}.Debug|Any CPU.Build.0 = Debug|Any CPU
		{8E503B46-9CAC-41C7-AB55-C8EC12E4A3B7}.Release|Any CPU.ActiveCfg = Release|Any CPU
		{8E503B46-9CAC-41C7-AB55-C8EC12E4A3B7}.Release|Any CPU.Build.0 = Release|Any CPU
	EndGlobalSection
	GlobalSection(SolutionProperties) = preSolution
		HideSolutionNode = FALSE
	EndGlobalSection
	GlobalSection(ExtensibilityGlobals) = postSolution
		SolutionGuid = {C1A6AD99-068A-47AE-9284-D4BB505D1A3A}
	EndGlobalSection
EndGlobal
